// !$*UTF8*$!
{
	archiveVersion = 1;
	classes = {
	};
	objectVersion = 77;
	objects = {

/* Begin PBXContainerItemProxy section */
		83D7E9EB2F0C92B60020ED5C /* PBXContainerItemProxy */ = {
			isa = PBXContainerItemProxy;
			containerPortal = 83D7E9D32F0C92B50020ED5C /* Project object */;
			proxyType = 1;
			remoteGlobalIDString = 83D7E9DA2F0C92B50020ED5C;
			remoteInfo = DopaSense;
		};
		83D7E9F52F0C92B60020ED5C /* PBXContainerItemProxy */ = {
			isa = PBXContainerItemProxy;
			containerPortal = 83D7E9D32F0C92B50020ED5C /* Project object */;
			proxyType = 1;
			remoteGlobalIDString = 83D7E9DA2F0C92B50020ED5C;
			remoteInfo = DopaSense;
		};
/* End PBXContainerItemProxy section */

/* Begin PBXFileReference section */
		83D7E9DB2F0C92B50020ED5C /* DopaSense.app */ = {isa = PBXFileReference; explicitFileType = wrapper.application; includeInIndex = 0; path = DopaSense.app; sourceTree = BUILT_PRODUCTS_DIR; };
		83D7E9EA2F0C92B60020ED5C /* DopaSenseTests.xctest */ = {isa = PBXFileReference; explicitFileType = wrapper.cfbundle; includeInIndex = 0; path = DopaSenseTests.xctest; sourceTree = BUILT_PRODUCTS_DIR; };
		83D7E9F42F0C92B60020ED5C /* DopaSenseUITests.xctest */ = {isa = PBXFileReference; explicitFileType = wrapper.cfbundle; includeInIndex = 0; path = DopaSenseUITests.xctest; sourceTree = BUILT_PRODUCTS_DIR; };
/* End PBXFileReference section */

/* Begin PBXFileSystemSynchronizedRootGroup section */
		83D7E9DD2F0C92B50020ED5C /* DopaSense */ = {
			isa = PBXFileSystemSynchronizedRootGroup;
			path = DopaSense;
			sourceTree = "<group>";
		};
		83D7E9ED2F0C92B60020ED5C /* DopaSenseTests */ = {
			isa = PBXFileSystemSynchronizedRootGroup;
			path = DopaSenseTests;
			sourceTree = "<group>";
		};
		83D7E9F72F0C92B60020ED5C /* DopaSenseUITests */ = {
			isa = PBXFileSystemSynchronizedRootGroup;
			path = DopaSenseUITests;
			sourceTree = "<group>";
		};
/* End PBXFileSystemSynchronizedRootGroup section */

/* Begin PBXFrameworksBuildPhase section */
		83D7E9D82F0C92B50020ED5C /* Frameworks */ = {
			isa = PBXFrameworksBuildPhase;
			buildActionMask = 2147483647;
			files = (
			);
			runOnlyForDeploymentPostprocessing = 0;
		};
		83D7E9E72F0C92B60020ED5C /* Frameworks */ = {
			isa = PBXFrameworksBuildPhase;
			buildActionMask = 2147483647;
			files = (
			);
			runOnlyForDeploymentPostprocessing = 0;
		};
		83D7E9F12F0C92B60020ED5C /* Frameworks */ = {
			isa = PBXFrameworksBuildPhase;
			buildActionMask = 2147483647;
			files = (
			);
			runOnlyForDeploymentPostprocessing = 0;
		};
/* End PBXFrameworksBuildPhase section */

/* Begin PBXGroup section */
		83D7E9D22F0C92B50020ED5C = {
			isa = PBXGroup;
			children = (
				83D7E9DD2F0C92B50020ED5C /* DopaSense */,
				83D7E9ED2F0C92B60020ED5C /* DopaSenseTests */,
				83D7E9F72F0C92B60020ED5C /* DopaSenseUITests */,
				83D7E9DC2F0C92B50020ED5C /* Products */,
			);
			sourceTree = "<group>";
		};
		83D7E9DC2F0C92B50020ED5C /* Products */ = {
			isa = PBXGroup;
			children = (
				83D7E9DB2F0C92B50020ED5C /* DopaSense.app */,
				83D7E9EA2F0C92B60020ED5C /* DopaSenseTests.xctest */,
				83D7E9F42F0C92B60020ED5C /* DopaSenseUITests.xctest */,
			);
			name = Products;
			sourceTree = "<group>";
		};
/* End PBXGroup section */

/* Begin PBXNativeTarget section */
		83D7E9DA2F0C92B50020ED5C /* DopaSense */ = {
			isa = PBXNativeTarget;
			buildConfigurationList = 83D7E9FE2F0C92B60020ED5C /* Build configuration list for PBXNativeTarget "DopaSense" */;
			buildPhases = (
				83D7E9D72F0C92B50020ED5C /* Sources */,
				83D7E9D82F0C92B50020ED5C /* Frameworks */,
				83D7E9D92F0C92B50020ED5C /* Resources */,
			);
			buildRules = (
			);
			dependencies = (
			);
			fileSystemSynchronizedGroups = (
				83D7E9DD2F0C92B50020ED5C /* DopaSense */,
			);
			name = DopaSense;
			packageProductDependencies = (
			);
			productName = DopaSense;
			productReference = 83D7E9DB2F0C92B50020ED5C /* DopaSense.app */;
			productType = "com.apple.product-type.application";
		};
		83D7E9E92F0C92B60020ED5C /* DopaSenseTests */ = {
			isa = PBXNativeTarget;
			buildConfigurationList = 83D7EA012F0C92B60020ED5C /* Build configuration list for PBXNativeTarget "DopaSenseTests" */;
			buildPhases = (
				83D7E9E62F0C92B60020ED5C /* Sources */,
				83D7E9E72F0C92B60020ED5C /* Frameworks */,
				83D7E9E82F0C92B60020ED5C /* Resources */,
			);
			buildRules = (
			);
			dependencies = (
				83D7E9EC2F0C92B60020ED5C /* PBXTargetDependency */,
			);
			fileSystemSynchronizedGroups = (
				83D7E9ED2F0C92B60020ED5C /* DopaSenseTests */,
			);
			name = DopaSenseTests;
			packageProductDependencies = (
			);
			productName = DopaSenseTests;
			productReference = 83D7E9EA2F0C92B60020ED5C /* DopaSenseTests.xctest */;
			productType = "com.apple.product-type.bundle.unit-test";
		};
		83D7E9F32F0C92B60020ED5C /* DopaSenseUITests */ = {
			isa = PBXNativeTarget;
			buildConfigurationList = 83D7EA042F0C92B60020ED5C /* Build configuration list for PBXNativeTarget "DopaSenseUITests" */;
			buildPhases = (
				83D7E9F02F0C92B60020ED5C /* Sources */,
				83D7E9F12F0C92B60020ED5C /* Frameworks */,
				83D7E9F22F0C92B60020ED5C /* Resources */,
			);
			buildRules = (
			);
			dependencies = (
				83D7E9F62F0C92B60020ED5C /* PBXTargetDependency */,
			);
			fileSystemSynchronizedGroups = (
				83D7E9F72F0C92B60020ED5C /* DopaSenseUITests */,
			);
			name = DopaSenseUITests;
			packageProductDependencies = (
			);
			productName = DopaSenseUITests;
			productReference = 83D7E9F42F0C92B60020ED5C /* DopaSenseUITests.xctest */;
			productType = "com.apple.product-type.bundle.ui-testing";
		};
/* End PBXNativeTarget section */

/* Begin PBXProject section */
		83D7E9D32F0C92B50020ED5C /* Project object */ = {
			isa = PBXProject;
			attributes = {
				BuildIndependentTargetsInParallel = 1;
				LastSwiftUpdateCheck = 1630;
				LastUpgradeCheck = 1630;
				TargetAttributes = {
					83D7E9DA2F0C92B50020ED5C = {
						CreatedOnToolsVersion = 16.3;
					};
					83D7E9E92F0C92B60020ED5C = {
						CreatedOnToolsVersion = 16.3;
						TestTargetID = 83D7E9DA2F0C92B50020ED5C;
					};
					83D7E9F32F0C92B60020ED5C = {
						CreatedOnToolsVersion = 16.3;
						TestTargetID = 83D7E9DA2F0C92B50020ED5C;
					};
				};
			};
			buildConfigurationList = 83D7E9D62F0C92B50020ED5C /* Build configuration list for PBXProject "DopaSense" */;
			developmentRegion = en;
			hasScannedForEncodings = 0;
			knownRegions = (
				en,
				Base,
			);
			mainGroup = 83D7E9D22F0C92B50020ED5C;
			minimizedProjectReferenceProxies = 1;
			preferredProjectObjectVersion = 77;
			productRefGroup = 83D7E9DC2F0C92B50020ED5C /* Products */;
			projectDirPath = "";
			projectRoot = "";
			targets = (
				83D7E9DA2F0C92B50020ED5C /* DopaSense */,
				83D7E9E92F0C92B60020ED5C /* DopaSenseTests */,
				83D7E9F32F0C92B60020ED5C /* DopaSenseUITests */,
			);
		};
/* End PBXProject section */

/* Begin PBXResourcesBuildPhase section */
		83D7E9D92F0C92B50020ED5C /* Resources */ = {
			isa = PBXResourcesBuildPhase;
			buildActionMask = 2147483647;
			files = (
			);
			runOnlyForDeploymentPostprocessing = 0;
		};
		83D7E9E82F0C92B60020ED5C /* Resources */ = {
			isa = PBXResourcesBuildPhase;
			buildActionMask = 2147483647;
			files = (
			);
			runOnlyForDeploymentPostprocessing = 0;
		};
		83D7E9F22F0C92B60020ED5C /* Resources */ = {
			isa = PBXResourcesBuildPhase;
			buildActionMask = 2147483647;
			files = (
			);
			runOnlyForDeploymentPostprocessing = 0;
		};
/* End PBXResourcesBuildPhase section */

/* Begin PBXSourcesBuildPhase section */
		83D7E9D72F0C92B50020ED5C /* Sources */ = {
			isa = PBXSourcesBuildPhase;
			buildActionMask = 2147483647;
			files = (
			);
			runOnlyForDeploymentPostprocessing = 0;
		};
		83D7E9E62F0C92B60020ED5C /* Sources */ = {
			isa = PBXSourcesBuildPhase;
			buildActionMask = 2147483647;
			files = (
			);
			runOnlyForDeploymentPostprocessing = 0;
		};
		83D7E9F02F0C92B60020ED5C /* Sources */ = {
			isa = PBXSourcesBuildPhase;
			buildActionMask = 2147483647;
			files = (
			);
			runOnlyForDeploymentPostprocessing = 0;
		};
/* End PBXSourcesBuildPhase section */

/* Begin PBXTargetDependency section */
		83D7E9EC2F0C92B60020ED5C /* PBXTargetDependency */ = {
			isa = PBXTargetDependency;
			target = 83D7E9DA2F0C92B50020ED5C /* DopaSense */;
			targetProxy = 83D7E9EB2F0C92B60020ED5C /* PBXContainerItemProxy */;
		};
		83D7E9F62F0C92B60020ED5C /* PBXTargetDependency */ = {
			isa = PBXTargetDependency;
			target = 83D7E9DA2F0C92B50020ED5C /* DopaSense */;
			targetProxy = 83D7E9F52F0C92B60020ED5C /* PBXContainerItemProxy */;
		};
/* End PBXTargetDependency section */

/* Begin XCBuildConfiguration section */
		83D7E9FC2F0C92B60020ED5C /* Debug */ = {
			isa = XCBuildConfiguration;
			buildSettings = {
				ALWAYS_SEARCH_USER_PATHS = NO;
				ASSETCATALOG_COMPILER_GENERATE_SWIFT_ASSET_SYMBOL_EXTENSIONS = YES;
				CLANG_ANALYZER_NONNULL = YES;
				CLANG_ANALYZER_NUMBER_OBJECT_CONVERSION = YES_AGGRESSIVE;
				CLANG_CXX_LANGUAGE_STANDARD = "gnu++20";
				CLANG_ENABLE_MODULES = YES;
				CLANG_ENABLE_OBJC_ARC = YES;
				CLANG_ENABLE_OBJC_WEAK = YES;
				CLANG_WARN_BLOCK_CAPTURE_AUTORELEASING = YES;
				CLANG_WARN_BOOL_CONVERSION = YES;
				CLANG_WARN_COMMA = YES;
				CLANG_WARN_CONSTANT_CONVERSION = YES;
				CLANG_WARN_DEPRECATED_OBJC_IMPLEMENTATIONS = YES;
				CLANG_WARN_DIRECT_OBJC_ISA_USAGE = YES_ERROR;
				CLANG_WARN_DOCUMENTATION_COMMENTS = YES;
				CLANG_WARN_EMPTY_BODY = YES;
				CLANG_WARN_ENUM_CONVERSION = YES;
				CLANG_WARN_INFINITE_RECURSION = YES;
				CLANG_WARN_INT_CONVERSION = YES;
				CLANG_WARN_NON_LITERAL_NULL_CONVERSION = YES;
				CLANG_WARN_OBJC_IMPLICIT_RETAIN_SELF = YES;
				CLANG_WARN_OBJC_LITERAL_CONVERSION = YES;
				CLANG_WARN_OBJC_ROOT_CLASS = YES_ERROR;
				CLANG_WARN_QUOTED_INCLUDE_IN_FRAMEWORK_HEADER = YES;
				CLANG_WARN_RANGE_LOOP_ANALYSIS = YES;
				CLANG_WARN_STRICT_PROTOTYPES = YES;
				CLANG_WARN_SUSPICIOUS_MOVE = YES;
				CLANG_WARN_UNGUARDED_AVAILABILITY = YES_AGGRESSIVE;
				CLANG_WARN_UNREACHABLE_CODE = YES;
				CLANG_WARN__DUPLICATE_METHOD_MATCH = YES;
				COPY_PHASE_STRIP = NO;
				DEBUG_INFORMATION_FORMAT = dwarf;
				ENABLE_STRICT_OBJC_MSGSEND = YES;
				ENABLE_TESTABILITY = YES;
				ENABLE_USER_SCRIPT_SANDBOXING = YES;
				GCC_C_LANGUAGE_STANDARD = gnu17;
				GCC_DYNAMIC_NO_PIC = NO;
				GCC_NO_COMMON_BLOCKS = YES;
				GCC_OPTIMIZATION_LEVEL = 0;
				GCC_PREPROCESSOR_DEFINITIONS = (
					"DEBUG=1",
					"$(inherited)",
				);
				GCC_WARN_64_TO_32_BIT_CONVERSION = YES;
				GCC_WARN_ABOUT_RETURN_TYPE = YES_ERROR;
				GCC_WARN_UNDECLARED_SELECTOR = YES;
				GCC_WARN_UNINITIALIZED_AUTOS = YES_AGGRESSIVE;
				GCC_WARN_UNUSED_FUNCTION = YES;
				GCC_WARN_UNUSED_VARIABLE = YES;
				IPHONEOS_DEPLOYMENT_TARGET = 18.4;
				LOCALIZATION_PREFERS_STRING_CATALOGS = YES;
				MTL_ENABLE_DEBUG_INFO = INCLUDE_SOURCE;
				MTL_FAST_MATH = YES;
				ONLY_ACTIVE_ARCH = YES;
				SDKROOT = iphoneos;
				SWIFT_ACTIVE_COMPILATION_CONDITIONS = "DEBUG $(inherited)";
				SWIFT_OPTIMIZATION_LEVEL = "-Onone";
			};
			name = Debug;
		};
		83D7E9FD2F0C92B60020ED5C /* Release */ = {
			isa = XCBuildConfiguration;
			buildSettings = {
				ALWAYS_SEARCH_USER_PATHS = NO;
				ASSETCATALOG_COMPILER_GENERATE_SWIFT_ASSET_SYMBOL_EXTENSIONS = YES;
				CLANG_ANALYZER_NONNULL = YES;
				CLANG_ANALYZER_NUMBER_OBJECT_CONVERSION = YES_AGGRESSIVE;
				CLANG_CXX_LANGUAGE_STANDARD = "gnu++20";
				CLANG_ENABLE_MODULES = YES;
				CLANG_ENABLE_OBJC_ARC = YES;
				CLANG_ENABLE_OBJC_WEAK = YES;
				CLANG_WARN_BLOCK_CAPTURE_AUTORELEASING = YES;
				CLANG_WARN_BOOL_CONVERSION = YES;
				CLANG_WARN_COMMA = YES;
				CLANG_WARN_CONSTANT_CONVERSION = YES;
				CLANG_WARN_DEPRECATED_OBJC_IMPLEMENTATIONS = YES;
				CLANG_WARN_DIRECT_OBJC_ISA_USAGE = YES_ERROR;
				CLANG_WARN_DOCUMENTATION_COMMENTS = YES;
				CLANG_WARN_EMPTY_BODY = YES;
				CLANG_WARN_ENUM_CONVERSION = YES;
				CLANG_WARN_INFINITE_RECURSION = YES;
				CLANG_WARN_INT_CONVERSION = YES;
				CLANG_WARN_NON_LITERAL_NULL_CONVERSION = YES;
				CLANG_WARN_OBJC_IMPLICIT_RETAIN_SELF = YES;
				CLANG_WARN_OBJC_LITERAL_CONVERSION = YES;
				CLANG_WARN_OBJC_ROOT_CLASS = YES_ERROR;
				CLANG_WARN_QUOTED_INCLUDE_IN_FRAMEWORK_HEADER = YES;
				CLANG_WARN_RANGE_LOOP_ANALYSIS = YES;
				CLANG_WARN_STRICT_PROTOTYPES = YES;
				CLANG_WARN_SUSPICIOUS_MOVE = YES;
				CLANG_WARN_UNGUARDED_AVAILABILITY = YES_AGGRESSIVE;
				CLANG_WARN_UNREACHABLE_CODE = YES;
				CLANG_WARN__DUPLICATE_METHOD_MATCH = YES;
				COPY_PHASE_STRIP = NO;
				DEBUG_INFORMATION_FORMAT = "dwarf-with-dsym";
				ENABLE_NS_ASSERTIONS = NO;
				ENABLE_STRICT_OBJC_MSGSEND = YES;
				ENABLE_USER_SCRIPT_SANDBOXING = YES;
				GCC_C_LANGUAGE_STANDARD = gnu17;
				GCC_NO_COMMON_BLOCKS = YES;
				GCC_WARN_64_TO_32_BIT_CONVERSION = YES;
				GCC_WARN_ABOUT_RETURN_TYPE = YES_ERROR;
				GCC_WARN_UNDECLARED_SELECTOR = YES;
				GCC_WARN_UNINITIALIZED_AUTOS = YES_AGGRESSIVE;
				GCC_WARN_UNUSED_FUNCTION = YES;
				GCC_WARN_UNUSED_VARIABLE = YES;
				IPHONEOS_DEPLOYMENT_TARGET = 18.4;
				LOCALIZATION_PREFERS_STRING_CATALOGS = YES;
				MTL_ENABLE_DEBUG_INFO = NO;
				MTL_FAST_MATH = YES;
				SDKROOT = iphoneos;
				SWIFT_COMPILATION_MODE = wholemodule;
				VALIDATE_PRODUCT = YES;
			};
			name = Release;
		};
		83D7E9FF2F0C92B60020ED5C /* Debug */ = {
			isa = XCBuildConfiguration;
			buildSettings = {
				ASSETCATALOG_COMPILER_APPICON_NAME = AppIcon;
				ASSETCATALOG_COMPILER_GLOBAL_ACCENT_COLOR_NAME = AccentColor;
				CODE_SIGN_STYLE = Automatic;
				CURRENT_PROJECT_VERSION = 1;
				ENABLE_PREVIEWS = YES;
				GENERATE_INFOPLIST_FILE = YES;
				INFOPLIST_KEY_UIApplicationSceneManifest_Generation = YES;
				INFOPLIST_KEY_UIApplicationSupportsIndirectInputEvents = YES;
				INFOPLIST_KEY_UILaunchScreen_Generation = YES;
				INFOPLIST_KEY_UISupportedInterfaceOrientations_iPad = "UIInterfaceOrientationPortrait UIInterfaceOrientationPortraitUpsideDown UIInterfaceOrientationLandscapeLeft UIInterfaceOrientationLandscapeRight";
				INFOPLIST_KEY_UISupportedInterfaceOrientations_iPhone = "UIInterfaceOrientationPortrait UIInterfaceOrientationLandscapeLeft UIInterfaceOrientationLandscapeRight";
				LD_RUNPATH_SEARCH_PATHS = (
					"$(inherited)",
					"@executable_path/Frameworks",
				);
				MARKETING_VERSION = 1.0;
				PRODUCT_BUNDLE_IDENTIFIER = com.dopasense.mx.DopaSense;
				PRODUCT_NAME = "$(TARGET_NAME)";
				SWIFT_EMIT_LOC_STRINGS = YES;
				SWIFT_VERSION = 5.0;
				TARGETED_DEVICE_FAMILY = "1,2";
			};
			name = Debug;
		};
		83D7EA002F0C92B60020ED5C /* Release */ = {
			isa = XCBuildConfiguration;
			buildSettings = {
				ASSETCATALOG_COMPILER_APPICON_NAME = AppIcon;
				ASSETCATALOG_COMPILER_GLOBAL_ACCENT_COLOR_NAME = AccentColor;
				CODE_SIGN_STYLE = Automatic;
				CURRENT_PROJECT_VERSION = 1;
				ENABLE_PREVIEWS = YES;
				GENERATE_INFOPLIST_FILE = YES;
				INFOPLIST_KEY_UIApplicationSceneManifest_Generation = YES;
				INFOPLIST_KEY_UIApplicationSupportsIndirectInputEvents = YES;
				INFOPLIST_KEY_UILaunchScreen_Generation = YES;
				INFOPLIST_KEY_UISupportedInterfaceOrientations_iPad = "UIInterfaceOrientationPortrait UIInterfaceOrientationPortraitUpsideDown UIInterfaceOrientationLandscapeLeft UIInterfaceOrientationLandscapeRight";
				INFOPLIST_KEY_UISupportedInterfaceOrientations_iPhone = "UIInterfaceOrientationPortrait UIInterfaceOrientationLandscapeLeft UIInterfaceOrientationLandscapeRight";
				LD_RUNPATH_SEARCH_PATHS = (
					"$(inherited)",
					"@executable_path/Frameworks",
				);
				MARKETING_VERSION = 1.0;
				PRODUCT_BUNDLE_IDENTIFIER = com.dopasense.mx.DopaSense;
				PRODUCT_NAME = "$(TARGET_NAME)";
				SWIFT_EMIT_LOC_STRINGS = YES;
				SWIFT_VERSION = 5.0;
				TARGETED_DEVICE_FAMILY = "1,2";
			};
			name = Release;
		};
		83D7EA022F0C92B60020ED5C /* Debug */ = {
			isa = XCBuildConfiguration;
			buildSettings = {
				BUNDLE_LOADER = "$(TEST_HOST)";
				CODE_SIGN_STYLE = Automatic;
				CURRENT_PROJECT_VERSION = 1;
				GENERATE_INFOPLIST_FILE = YES;
				IPHONEOS_DEPLOYMENT_TARGET = 18.4;
				MARKETING_VERSION = 1.0;
				PRODUCT_BUNDLE_IDENTIFIER = com.dopasense.mx.DopaSenseTests;
				PRODUCT_NAME = "$(TARGET_NAME)";
				SWIFT_EMIT_LOC_STRINGS = NO;
				SWIFT_VERSION = 5.0;
				TARGETED_DEVICE_FAMILY = "1,2";
				TEST_HOST = "$(BUILT_PRODUCTS_DIR)/DopaSense.app/$(BUNDLE_EXECUTABLE_FOLDER_PATH)/DopaSense";
			};
			name = Debug;
		};
		83D7EA032F0C92B60020ED5C /* Release */ = {
			isa = XCBuildConfiguration;
			buildSettings = {
				BUNDLE_LOADER = "$(TEST_HOST)";
				CODE_SIGN_STYLE = Automatic;
				CURRENT_PROJECT_VERSION = 1;
				GENERATE_INFOPLIST_FILE = YES;
				IPHONEOS_DEPLOYMENT_TARGET = 18.4;
				MARKETING_VERSION = 1.0;
				PRODUCT_BUNDLE_IDENTIFIER = com.dopasense.mx.DopaSenseTests;
				PRODUCT_NAME = "$(TARGET_NAME)";
				SWIFT_EMIT_LOC_STRINGS = NO;
				SWIFT_VERSION = 5.0;
				TARGETED_DEVICE_FAMILY = "1,2";
				TEST_HOST = "$(BUILT_PRODUCTS_DIR)/DopaSense.app/$(BUNDLE_EXECUTABLE_FOLDER_PATH)/DopaSense";
			};
			name = Release;
		};
		83D7EA052F0C92B60020ED5C /* Debug */ = {
			isa = XCBuildConfiguration;
			buildSettings = {
				CODE_SIGN_STYLE = Automatic;
				CURRENT_PROJECT_VERSION = 1;
				GENERATE_INFOPLIST_FILE = YES;
				MARKETING_VERSION = 1.0;
				PRODUCT_BUNDLE_IDENTIFIER = com.dopasense.mx.DopaSenseUITests;
				PRODUCT_NAME = "$(TARGET_NAME)";
				SWIFT_EMIT_LOC_STRINGS = NO;
				SWIFT_VERSION = 5.0;
				TARGETED_DEVICE_FAMILY = "1,2";
				TEST_TARGET_NAME = DopaSense;
			};
			name = Debug;
		};
		83D7EA062F0C92B60020ED5C /* Release */ = {
			isa = XCBuildConfiguration;
			buildSettings = {
				CODE_SIGN_STYLE = Automatic;
				CURRENT_PROJECT_VERSION = 1;
				GENERATE_INFOPLIST_FILE = YES;
				MARKETING_VERSION = 1.0;
				PRODUCT_BUNDLE_IDENTIFIER = com.dopasense.mx.DopaSenseUITests;
				PRODUCT_NAME = "$(TARGET_NAME)";
				SWIFT_EMIT_LOC_STRINGS = NO;
				SWIFT_VERSION = 5.0;
				TARGETED_DEVICE_FAMILY = "1,2";
				TEST_TARGET_NAME = DopaSense;
			};
			name = Release;
		};
/* End XCBuildConfiguration section */

/* Begin XCConfigurationList section */
		83D7E9D62F0C92B50020ED5C /* Build configuration list for PBXProject "DopaSense" */ = {
			isa = XCConfigurationList;
			buildConfigurations = (
				83D7E9FC2F0C92B60020ED5C /* Debug */,
				83D7E9FD2F0C92B60020ED5C /* Release */,
			);
			defaultConfigurationIsVisible = 0;
			defaultConfigurationName = Release;
		};
		83D7E9FE2F0C92B60020ED5C /* Build configuration list for PBXNativeTarget "DopaSense" */ = {
			isa = XCConfigurationList;
			buildConfigurations = (
				83D7E9FF2F0C92B60020ED5C /* Debug */,
				83D7EA002F0C92B60020ED5C /* Release */,
			);
			defaultConfigurationIsVisible = 0;
			defaultConfigurationName = Release;
		};
		83D7EA012F0C92B60020ED5C /* Build configuration list for PBXNativeTarget "DopaSenseTests" */ = {
			isa = XCConfigurationList;
			buildConfigurations = (
				83D7EA022F0C92B60020ED5C /* Debug */,
				83D7EA032F0C92B60020ED5C /* Release */,
			);
			defaultConfigurationIsVisible = 0;
			defaultConfigurationName = Release;
		};
		83D7EA042F0C92B60020ED5C /* Build configuration list for PBXNativeTarget "DopaSenseUITests" */ = {
			isa = XCConfigurationList;
			buildConfigurations = (
				83D7EA052F0C92B60020ED5C /* Debug */,
				83D7EA062F0C92B60020ED5C /* Release */,
			);
			defaultConfigurationIsVisible = 0;
			defaultConfigurationName = Release;
		};
/* End XCConfigurationList section */
	};
	rootObject = 83D7E9D32F0C92B50020ED5C /* Project object */;
}
